{
  "originHash" : "7c986bceb4bff6a441499ee9ff00dc2f102f4245a543833ba0862cfc6f310677",
  "pins" : [
    {
      "identity" : "cricheroes-anymindadsdks",
      "kind" : "remoteSourceControl",
      "location" : "https://github.com/AnyMindG/CricHeroes-AnyMindAdSDKs.git",
      "state" : {
        "revision" : "6932d5e79736f8562eb89b5caf52b6238dbda153",
        "version" : "1.2.0"
      }
    },
    {
      "identity" : "swift-package-manager-google-mobile-ads",
      "kind" : "remoteSourceControl",
      "location" : "https://github.com/googleads/swift-package-manager-google-mobile-ads.git",
      "state" : {
        "revision" : "7778cc1ab037c10dbbe026959e51e616bd961be9",
        "version" : "11.13.0"
      }
    },
    {
      "identity" : "swift-package-manager-google-user-messaging-platform",
      "kind" : "remoteSourceControl",
      "location" : "https://github.com/googleads/swift-package-manager-google-user-messaging-platform.git",
      "state" : {
        "revision" : "708a282840c2171ee63bd93b87afa49fe507d70e",
        "version" : "2.7.0"
      }
    }
  ],
  "version" : 3
}
