{
  "originHash" : "8d6bc90f8bd57ec9fe31e28c9d20c820c928b22c48fd9b626ea3695b19a77fde",
  "pins" : [
    {
      "identity" : "cricheroes-anymindadsdks",
      "kind" : "remoteSourceControl",
      "location" : "https://github.com/AnyMindG/CricHeroes-AnyMindAdSDKs.git",
      "state" : {
        "revision" : "0134c00d1a12757da79051bbc3915ee19412a125",
        "version" : "1.1.0"
      }
    },
    {
      "identity" : "swift-package-manager-google-mobile-ads",
      "kind" : "remoteSourceControl",
      "location" : "https://github.com/googleads/swift-package-manager-google-mobile-ads.git",
      "state" : {
        "revision" : "7778cc1ab037c10dbbe026959e51e616bd961be9",
        "version" : "11.13.0"
      }
    },
    {
      "identity" : "swift-package-manager-google-user-messaging-platform",
      "kind" : "remoteSourceControl",
      "location" : "https://github.com/googleads/swift-package-manager-google-user-messaging-platform.git",
      "state" : {
        "revision" : "708a282840c2171ee63bd93b87afa49fe507d70e",
        "version" : "2.7.0"
      }
    }
  ],
  "version" : 3
}
